// !$*UTF8*$!
{
	archiveVersion = 1;
	classes = {
	};
	objectVersion = 48;
	objects = {

/* Begin PBXBuildFile section */
		210A9FC620022E6600D568CA /* AppDelegate.swift in Sources */ = {isa = PBXBuildFile; fileRef = 210A9FC520022E6600D568CA /* AppDelegate.swift */; };
		210A9FC820022E6600D568CA /* ViewController.swift in Sources */ = {isa = PBXBuildFile; fileRef = 210A9FC720022E6600D568CA /* ViewController.swift */; };
		210A9FCB20022E6600D568CA /* Main.storyboard in Resources */ = {isa = PBXBuildFile; fileRef = 210A9FC920022E6600D568CA /* Main.storyboard */; };
		210A9FCD20022E6600D568CA /* Assets.xcassets in Resources */ = {isa = PBXBuildFile; fileRef = 210A9FCC20022E6600D568CA /* Assets.xcassets */; };
		210A9FD020022E6600D568CA /* LaunchScreen.storyboard in Resources */ = {isa = PBXBuildFile; fileRef = 210A9FCE20022E6600D568CA /* LaunchScreen.storyboard */; };
		214A627620023E8F0026EB7B /* Resnet50.mlmodel in Sources */ = {isa = PBXBuildFile; fileRef = 214A627520023E8F0026EB7B /* Resnet50.mlmodel */; };
		21FD9BF220A6D43B0076425C /* VGG16.mlmodel in Sources */ = {isa = PBXBuildFile; fileRef = 21FD9BF120A6D43A0076425C /* VGG16.mlmodel */; };
/* End PBXBuildFile section */

/* Begin PBXFileReference section */
		210A9FC220022E6600D568CA /* BasicMLApp.app */ = {isa = PBXFileReference; explicitFileType = wrapper.application; includeInIndex = 0; path = BasicMLApp.app; sourceTree = BUILT_PRODUCTS_DIR; };
		210A9FC520022E6600D568CA /* AppDelegate.swift */ = {isa = PBXFileReference; lastKnownFileType = sourcecode.swift; path = AppDelegate.swift; sourceTree = "<group>"; };
		210A9FC720022E6600D568CA /* ViewController.swift */ = {isa = PBXFileReference; lastKnownFileType = sourcecode.swift; path = ViewController.swift; sourceTree = "<group>"; };
		210A9FCA20022E6600D568CA /* Base */ = {isa = PBXFileReference; lastKnownFileType = file.storyboard; name = Base; path = Base.lproj/Main.storyboard; sourceTree = "<group>"; };
		210A9FCC20022E6600D568CA /* Assets.xcassets */ = {isa = PBXFileReference; lastKnownFileType = folder.assetcatalog; path = Assets.xcassets; sourceTree = "<group>"; };
		210A9FCF20022E6600D568CA /* Base */ = {isa = PBXFileReference; lastKnownFileType = file.storyboard; name = Base; path = Base.lproj/LaunchScreen.storyboard; sourceTree = "<group>"; };
		210A9FD120022E6600D568CA /* Info.plist */ = {isa = PBXFileReference; lastKnownFileType = text.plist.xml; path = Info.plist; sourceTree = "<group>"; };
		214A627520023E8F0026EB7B /* Resnet50.mlmodel */ = {isa = PBXFileReference; lastKnownFileType = file.mlmodel; path = Resnet50.mlmodel; sourceTree = "<group>"; };
		21FD9BF120A6D43A0076425C /* VGG16.mlmodel */ = {isa = PBXFileReference; lastKnownFileType = file.mlmodel; path = VGG16.mlmodel; sourceTree = "<group>"; };
/* End PBXFileReference section */

/* Begin PBXFrameworksBuildPhase section */
		210A9FBF20022E6500D568CA /* Frameworks */ = {
			isa = PBXFrameworksBuildPhase;
			buildActionMask = 2147483647;
			files = (
			);
			runOnlyForDeploymentPostprocessing = 0;
		};
/* End PBXFrameworksBuildPhase section */

/* Begin PBXGroup section */
		210A9FB920022E6500D568CA = {
			isa = PBXGroup;
			children = (
				210A9FC420022E6600D568CA /* BasicMLApp */,
				210A9FC320022E6600D568CA /* Products */,
			);
			sourceTree = "<group>";
		};
		210A9FC320022E6600D568CA /* Products */ = {
			isa = PBXGroup;
			children = (
				210A9FC220022E6600D568CA /* BasicMLApp.app */,
			);
			name = Products;
			sourceTree = "<group>";
		};
		210A9FC420022E6600D568CA /* BasicMLApp */ = {
			isa = PBXGroup;
			children = (
				210A9FC520022E6600D568CA /* AppDelegate.swift */,
				210A9FC720022E6600D568CA /* ViewController.swift */,
				210A9FC920022E6600D568CA /* Main.storyboard */,
				214A627520023E8F0026EB7B /* Resnet50.mlmodel */,
				21FD9BF120A6D43A0076425C /* VGG16.mlmodel */,
				210A9FCC20022E6600D568CA /* Assets.xcassets */,
				210A9FCE20022E6600D568CA /* LaunchScreen.storyboard */,
				210A9FD120022E6600D568CA /* Info.plist */,
			);
			path = BasicMLApp;
			sourceTree = "<group>";
		};
/* End PBXGroup section */

/* Begin PBXNativeTarget section */
		210A9FC120022E6500D568CA /* BasicMLApp */ = {
			isa = PBXNativeTarget;
			buildConfigurationList = 210A9FD420022E6600D568CA /* Build configuration list for PBXNativeTarget "BasicMLApp" */;
			buildPhases = (
				210A9FBE20022E6500D568CA /* Sources */,
				210A9FBF20022E6500D568CA /* Frameworks */,
				210A9FC020022E6500D568CA /* Resources */,
			);
			buildRules = (
			);
			dependencies = (
			);
			name = BasicMLApp;
			productName = BasicMLApp;
			productReference = 210A9FC220022E6600D568CA /* BasicMLApp.app */;
			productType = "com.apple.product-type.application";
		};
/* End PBXNativeTarget section */

/* Begin PBXProject section */
		210A9FBA20022E6500D568CA /* Project object */ = {
			isa = PBXProject;
			attributes = {
				LastSwiftUpdateCheck = 0920;
				LastUpgradeCheck = 0920;
				ORGANIZATIONNAME = Obsessed;
				TargetAttributes = {
					210A9FC120022E6500D568CA = {
						CreatedOnToolsVersion = 9.2;
						ProvisioningStyle = Automatic;
					};
				};
			};
			buildConfigurationList = 210A9FBD20022E6500D568CA /* Build configuration list for PBXProject "BasicMLApp" */;
			compatibilityVersion = "Xcode 8.0";
			developmentRegion = en;
			hasScannedForEncodings = 0;
			knownRegions = (
				en,
				Base,
			);
			mainGroup = 210A9FB920022E6500D568CA;
			productRefGroup = 210A9FC320022E6600D568CA /* Products */;
			projectDirPath = "";
			projectRoot = "";
			targets = (
				210A9FC120022E6500D568CA /* BasicMLApp */,
			);
		};
/* End PBXProject section */

/* Begin PBXResourcesBuildPhase section */
		210A9FC020022E6500D568CA /* Resources */ = {
			isa = PBXResourcesBuildPhase;
			buildActionMask = 2147483647;
			files = (
				210A9FD020022E6600D568CA /* LaunchScreen.storyboard in Resources */,
				210A9FCD20022E6600D568CA /* Assets.xcassets in Resources */,
				210A9FCB20022E6600D568CA /* Main.storyboard in Resources */,
			);
			runOnlyForDeploymentPostprocessing = 0;
		};
/* End PBXResourcesBuildPhase section */

/* Begin PBXSourcesBuildPhase section */
		210A9FBE20022E6500D568CA /* Sources */ = {
			isa = PBXSourcesBuildPhase;
			buildActionMask = 2147483647;
			files = (
				21FD9BF220A6D43B0076425C /* VGG16.mlmodel in Sources */,
				210A9FC820022E6600D568CA /* ViewController.swift in Sources */,
				214A627620023E8F0026EB7B /* Resnet50.mlmodel in Sources */,
				210A9FC620022E6600D568CA /* AppDelegate.swift in Sources */,
			);
			runOnlyForDeploymentPostprocessing = 0;
		};
/* End PBXSourcesBuildPhase section */

/* Begin PBXVariantGroup section */
		210A9FC920022E6600D568CA /* Main.storyboard */ = {
			isa = PBXVariantGroup;
			children = (
				210A9FCA20022E6600D568CA /* Base */,
			);
			name = Main.storyboard;
			sourceTree = "<group>";
		};
		210A9FCE20022E6600D568CA /* LaunchScreen.storyboard */ = {
			isa = PBXVariantGroup;
			children = (
				210A9FCF20022E6600D568CA /* Base */,
			);
			name = LaunchScreen.storyboard;
			sourceTree = "<group>";
		};
/* End PBXVariantGroup section */

/* Begin XCBuildConfiguration section */
		210A9FD220022E6600D568CA /* Debug */ = {
			isa = XCBuildConfiguration;
			buildSettings = {
				ALWAYS_SEARCH_USER_PATHS = NO;
				CLANG_ANALYZER_NONNULL = YES;
				CLANG_ANALYZER_NUMBER_OBJECT_CONVERSION = YES_AGGRESSIVE;
				CLANG_CXX_LANGUAGE_STANDARD = "gnu++14";
				CLANG_CXX_LIBRARY = "libc++";
				CLANG_ENABLE_MODULES = YES;
				CLANG_ENABLE_OBJC_ARC = YES;
				CLANG_WARN_BLOCK_CAPTURE_AUTORELEASING = YES;
				CLANG_WARN_BOOL_CONVERSION = YES;
				CLANG_WARN_COMMA = YES;
				CLANG_WARN_CONSTANT_CONVERSION = YES;
				CLANG_WARN_DIRECT_OBJC_ISA_USAGE = YES_ERROR;
				CLANG_WARN_DOCUMENTATION_COMMENTS = YES;
				CLANG_WARN_EMPTY_BODY = YES;
				CLANG_WARN_ENUM_CONVERSION = YES;
				CLANG_WARN_INFINITE_RECURSION = YES;
				CLANG_WARN_INT_CONVERSION = YES;
				CLANG_WARN_NON_LITERAL_NULL_CONVERSION = YES;
				CLANG_WARN_OBJC_LITERAL_CONVERSION = YES;
				CLANG_WARN_OBJC_ROOT_CLASS = YES_ERROR;
				CLANG_WARN_RANGE_LOOP_ANALYSIS = YES;
				CLANG_WARN_STRICT_PROTOTYPES = YES;
				CLANG_WARN_SUSPICIOUS_MOVE = YES;
				CLANG_WARN_UNGUARDED_AVAILABILITY = YES_AGGRESSIVE;
				CLANG_WARN_UNREACHABLE_CODE = YES;
				CLANG_WARN__DUPLICATE_METHOD_MATCH = YES;
				CODE_SIGN_IDENTITY = "iPhone Developer";
				COPY_PHASE_STRIP = NO;
				DEBUG_INFORMATION_FORMAT = dwarf;
				ENABLE_STRICT_OBJC_MSGSEND = YES;
				ENABLE_TESTABILITY = YES;
				GCC_C_LANGUAGE_STANDARD = gnu11;
				GCC_DYNAMIC_NO_PIC = NO;
				GCC_NO_COMMON_BLOCKS = YES;
				GCC_OPTIMIZATION_LEVEL = 0;
				GCC_PREPROCESSOR_DEFINITIONS = (
					"DEBUG=1",
					"$(inherited)",
				);
				GCC_WARN_64_TO_32_BIT_CONVERSION = YES;
				GCC_WARN_ABOUT_RETURN_TYPE = YES_ERROR;
				GCC_WARN_UNDECLARED_SELECTOR = YES;
				GCC_WARN_UNINITIALIZED_AUTOS = YES_AGGRESSIVE;
				GCC_WARN_UNUSED_FUNCTION = YES;
				GCC_WARN_UNUSED_VARIABLE = YES;
				IPHONEOS_DEPLOYMENT_TARGET = 11.2;
				MTL_ENABLE_DEBUG_INFO = YES;
				ONLY_ACTIVE_ARCH = YES;
				SDKROOT = iphoneos;
				SWIFT_ACTIVE_COMPILATION_CONDITIONS = DEBUG;
				SWIFT_OPTIMIZATION_LEVEL = "-Onone";
			};
			name = Debug;
		};
		210A9FD320022E6600D568CA /* Release */ = {
			isa = XCBuildConfiguration;
			buildSettings = {
				ALWAYS_SEARCH_USER_PATHS = NO;
				CLANG_ANALYZER_NONNULL = YES;
				CLANG_ANALYZER_NUMBER_OBJECT_CONVERSION = YES_AGGRESSIVE;
				CLANG_CXX_LANGUAGE_STANDARD = "gnu++14";
				CLANG_CXX_LIBRARY = "libc++";
				CLANG_ENABLE_MODULES = YES;
				CLANG_ENABLE_OBJC_ARC = YES;
				CLANG_WARN_BLOCK_CAPTURE_AUTORELEASING = YES;
				CLANG_WARN_BOOL_CONVERSION = YES;
				CLANG_WARN_COMMA = YES;
				CLANG_WARN_CONSTANT_CONVERSION = YES;
				CLANG_WARN_DIRECT_OBJC_ISA_USAGE = YES_ERROR;
				CLANG_WARN_DOCUMENTATION_COMMENTS = YES;
				CLANG_WARN_EMPTY_BODY = YES;
				CLANG_WARN_ENUM_CONVERSION = YES;
				CLANG_WARN_INFINITE_RECURSION = YES;
				CLANG_WARN_INT_CONVERSION = YES;
				CLANG_WARN_NON_LITERAL_NULL_CONVERSION = YES;
				CLANG_WARN_OBJC_LITERAL_CONVERSION = YES;
				CLANG_WARN_OBJC_ROOT_CLASS = YES_ERROR;
				CLANG_WARN_RANGE_LOOP_ANALYSIS = YES;
				CLANG_WARN_STRICT_PROTOTYPES = YES;
				CLANG_WARN_SUSPICIOUS_MOVE = YES;
				CLANG_WARN_UNGUARDED_AVAILABILITY = YES_AGGRESSIVE;
				CLANG_WARN_UNREACHABLE_CODE = YES;
				CLANG_WARN__DUPLICATE_METHOD_MATCH = YES;
				CODE_SIGN_IDENTITY = "iPhone Developer";
				COPY_PHASE_STRIP = NO;
				DEBUG_INFORMATION_FORMAT = "dwarf-with-dsym";
				ENABLE_NS_ASSERTIONS = NO;
				ENABLE_STRICT_OBJC_MSGSEND = YES;
				GCC_C_LANGUAGE_STANDARD = gnu11;
				GCC_NO_COMMON_BLOCKS = YES;
				GCC_WARN_64_TO_32_BIT_CONVERSION = YES;
				GCC_WARN_ABOUT_RETURN_TYPE = YES_ERROR;
				GCC_WARN_UNDECLARED_SELECTOR = YES;
				GCC_WARN_UNINITIALIZED_AUTOS = YES_AGGRESSIVE;
				GCC_WARN_UNUSED_FUNCTION = YES;
				GCC_WARN_UNUSED_VARIABLE = YES;
				IPHONEOS_DEPLOYMENT_TARGET = 11.2;
				MTL_ENABLE_DEBUG_INFO = NO;
				SDKROOT = iphoneos;
				SWIFT_OPTIMIZATION_LEVEL = "-Owholemodule";
				VALIDATE_PRODUCT = YES;
			};
			name = Release;
		};
		210A9FD520022E6600D568CA /* Debug */ = {
			isa = XCBuildConfiguration;
			buildSettings = {
				ASSETCATALOG_COMPILER_APPICON_NAME = AppIcon;
				CODE_SIGN_STYLE = Automatic;
				COREML_CODEGEN_LANGUAGE = Automatic;
				DEVELOPMENT_TEAM = SS4NDGM5S9;
				INFOPLIST_FILE = BasicMLApp/Info.plist;
				LD_RUNPATH_SEARCH_PATHS = "$(inherited) @executable_path/Frameworks";
				PRODUCT_BUNDLE_IDENTIFIER = com.obsessed.app.BasicMLApp;
				PRODUCT_NAME = "$(TARGET_NAME)";
				SWIFT_VERSION = 4.0;
				TARGETED_DEVICE_FAMILY = "1,2";
			};
			name = Debug;
		};
		210A9FD620022E6600D568CA /* Release */ = {
			isa = XCBuildConfiguration;
			buildSettings = {
				ASSETCATALOG_COMPILER_APPICON_NAME = AppIcon;
				CODE_SIGN_STYLE = Automatic;
				COREML_CODEGEN_LANGUAGE = Automatic;
				DEVELOPMENT_TEAM = SS4NDGM5S9;
				INFOPLIST_FILE = BasicMLApp/Info.plist;
				LD_RUNPATH_SEARCH_PATHS = "$(inherited) @executable_path/Frameworks";
				PRODUCT_BUNDLE_IDENTIFIER = com.obsessed.app.BasicMLApp;
				PRODUCT_NAME = "$(TARGET_NAME)";
				SWIFT_VERSION = 4.0;
				TARGETED_DEVICE_FAMILY = "1,2";
			};
			name = Release;
		};
/* End XCBuildConfiguration section */

/* Begin XCConfigurationList section */
		210A9FBD20022E6500D568CA /* Build configuration list for PBXProject "BasicMLApp" */ = {
			isa = XCConfigurationList;
			buildConfigurations = (
				210A9FD220022E6600D568CA /* Debug */,
				210A9FD320022E6600D568CA /* Release */,
			);
			defaultConfigurationIsVisible = 0;
			defaultConfigurationName = Release;
		};
		210A9FD420022E6600D568CA /* Build configuration list for PBXNativeTarget "BasicMLApp" */ = {
			isa = XCConfigurationList;
			buildConfigurations = (
				210A9FD520022E6600D568CA /* Debug */,
				210A9FD620022E6600D568CA /* Release */,
			);
			defaultConfigurationIsVisible = 0;
			defaultConfigurationName = Release;
		};
/* End XCConfigurationList section */
	};
	rootObject = 210A9FBA20022E6500D568CA /* Project object */;
}
